// !$*UTF8*$!
{
	archiveVersion = 1;
	classes = {
	};
	objectVersion = 50;
	objects = {

/* Begin PBXBuildFile section */
		2E1B9EC82346849F000BB7A4 /* DetailViewController.swift in Sources */ = {isa = PBXBuildFile; fileRef = 2E1B9EC72346849F000BB7A4 /* DetailViewController.swift */; };
		B21D2627234757B90024B1BF /* XKCD_0664_Academia_vs_Business.png in Resources */ = {isa = PBXBuildFile; fileRef = B21D261A234757B90024B1BF /* XKCD_0664_Academia_vs_Business.png */; };
		B21D2628234757B90024B1BF /* XKCD_0728_iPad.png in Resources */ = {isa = PBXBuildFile; fileRef = B21D261B234757B90024B1BF /* XKCD_0728_iPad.png */; };
		B21D2629234757B90024B1BF /* XKCD_0744_Walkthrough.png in Resources */ = {isa = PBXBuildFile; fileRef = B21D261C234757B90024B1BF /* XKCD_0744_Walkthrough.png */; };
		B21D262A234757B90024B1BF /* XKCD_0782_Desecration.png in Resources */ = {isa = PBXBuildFile; fileRef = B21D261D234757B90024B1BF /* XKCD_0782_Desecration.png */; };
		B21D262B234757B90024B1BF /* XKCD_0837_Coupon_Code.png in Resources */ = {isa = PBXBuildFile; fileRef = B21D261E234757B90024B1BF /* XKCD_0837_Coupon_Code.png */; };
		B21D262C234757B90024B1BF /* XKCD_0881_Probability.png in Resources */ = {isa = PBXBuildFile; fileRef = B21D261F234757B90024B1BF /* XKCD_0881_Probability.png */; };
		B21D262D234757B90024B1BF /* XKCD_1096_Clinically_Studied_Ingredient.png in Resources */ = {isa = PBXBuildFile; fileRef = B21D2620234757B90024B1BF /* XKCD_1096_Clinically_Studied_Ingredient.png */; };
		B21D262E234757B90024B1BF /* XKCD_1333_First_Date.png in Resources */ = {isa = PBXBuildFile; fileRef = B21D2621234757B90024B1BF /* XKCD_1333_First_Date.png */; };
		B21D262F234757B90024B1BF /* XKCD_1356_Orbital_Mechanics.png in Resources */ = {isa = PBXBuildFile; fileRef = B21D2622234757B90024B1BF /* XKCD_1356_Orbital_Mechanics.png */; };
		B21D2630234757B90024B1BF /* XKCD_1417_Seven.png in Resources */ = {isa = PBXBuildFile; fileRef = B21D2623234757B90024B1BF /* XKCD_1417_Seven.png */; };
		B21D2631234757B90024B1BF /* XKCD_1425_Tasks.png in Resources */ = {isa = PBXBuildFile; fileRef = B21D2624234757B90024B1BF /* XKCD_1425_Tasks.png */; };
		B21D2632234757B90024B1BF /* XKCD_1464_Santa.png in Resources */ = {isa = PBXBuildFile; fileRef = B21D2625234757B90024B1BF /* XKCD_1464_Santa.png */; };
		B21D2633234757B90024B1BF /* XKCD_1823_Hottest_Editors.png in Resources */ = {isa = PBXBuildFile; fileRef = B21D2626234757B90024B1BF /* XKCD_1823_Hottest_Editors.png */; };
		B25AB1692344EDB2001614EF /* AppDelegate.swift in Sources */ = {isa = PBXBuildFile; fileRef = B25AB1682344EDB2001614EF /* AppDelegate.swift */; };
		B25AB16B2344EDB2001614EF /* ViewController.swift in Sources */ = {isa = PBXBuildFile; fileRef = B25AB16A2344EDB2001614EF /* ViewController.swift */; };
		B25AB16E2344EDB2001614EF /* Main.storyboard in Resources */ = {isa = PBXBuildFile; fileRef = B25AB16C2344EDB2001614EF /* Main.storyboard */; };
		B25AB1702344EDB3001614EF /* Assets.xcassets in Resources */ = {isa = PBXBuildFile; fileRef = B25AB16F2344EDB3001614EF /* Assets.xcassets */; };
		B25AB1732344EDB3001614EF /* LaunchScreen.storyboard in Resources */ = {isa = PBXBuildFile; fileRef = B25AB1712344EDB3001614EF /* LaunchScreen.storyboard */; };
/* End PBXBuildFile section */

/* Begin PBXFileReference section */
		2E1B9EC72346849F000BB7A4 /* DetailViewController.swift */ = {isa = PBXFileReference; lastKnownFileType = sourcecode.swift; path = DetailViewController.swift; sourceTree = "<group>"; };
		B21D261A234757B90024B1BF /* XKCD_0664_Academia_vs_Business.png */ = {isa = PBXFileReference; lastKnownFileType = image.png; path = XKCD_0664_Academia_vs_Business.png; sourceTree = "<group>"; };
		B21D261B234757B90024B1BF /* XKCD_0728_iPad.png */ = {isa = PBXFileReference; lastKnownFileType = image.png; path = XKCD_0728_iPad.png; sourceTree = "<group>"; };
		B21D261C234757B90024B1BF /* XKCD_0744_Walkthrough.png */ = {isa = PBXFileReference; lastKnownFileType = image.png; path = XKCD_0744_Walkthrough.png; sourceTree = "<group>"; };
		B21D261D234757B90024B1BF /* XKCD_0782_Desecration.png */ = {isa = PBXFileReference; lastKnownFileType = image.png; path = XKCD_0782_Desecration.png; sourceTree = "<group>"; };
		B21D261E234757B90024B1BF /* XKCD_0837_Coupon_Code.png */ = {isa = PBXFileReference; lastKnownFileType = image.png; path = XKCD_0837_Coupon_Code.png; sourceTree = "<group>"; };
		B21D261F234757B90024B1BF /* XKCD_0881_Probability.png */ = {isa = PBXFileReference; lastKnownFileType = image.png; path = XKCD_0881_Probability.png; sourceTree = "<group>"; };
		B21D2620234757B90024B1BF /* XKCD_1096_Clinically_Studied_Ingredient.png */ = {isa = PBXFileReference; lastKnownFileType = image.png; path = XKCD_1096_Clinically_Studied_Ingredient.png; sourceTree = "<group>"; };
		B21D2621234757B90024B1BF /* XKCD_1333_First_Date.png */ = {isa = PBXFileReference; lastKnownFileType = image.png; path = XKCD_1333_First_Date.png; sourceTree = "<group>"; };
		B21D2622234757B90024B1BF /* XKCD_1356_Orbital_Mechanics.png */ = {isa = PBXFileReference; lastKnownFileType = image.png; path = XKCD_1356_Orbital_Mechanics.png; sourceTree = "<group>"; };
		B21D2623234757B90024B1BF /* XKCD_1417_Seven.png */ = {isa = PBXFileReference; lastKnownFileType = image.png; path = XKCD_1417_Seven.png; sourceTree = "<group>"; };
		B21D2624234757B90024B1BF /* XKCD_1425_Tasks.png */ = {isa = PBXFileReference; lastKnownFileType = image.png; path = XKCD_1425_Tasks.png; sourceTree = "<group>"; };
		B21D2625234757B90024B1BF /* XKCD_1464_Santa.png */ = {isa = PBXFileReference; lastKnownFileType = image.png; path = XKCD_1464_Santa.png; sourceTree = "<group>"; };
		B21D2626234757B90024B1BF /* XKCD_1823_Hottest_Editors.png */ = {isa = PBXFileReference; lastKnownFileType = image.png; path = XKCD_1823_Hottest_Editors.png; sourceTree = "<group>"; };
		B25AB1652344EDB2001614EF /* XKCD Viewer.app */ = {isa = PBXFileReference; explicitFileType = wrapper.application; includeInIndex = 0; path = "XKCD Viewer.app"; sourceTree = BUILT_PRODUCTS_DIR; };
		B25AB1682344EDB2001614EF /* AppDelegate.swift */ = {isa = PBXFileReference; lastKnownFileType = sourcecode.swift; path = AppDelegate.swift; sourceTree = "<group>"; };
		B25AB16A2344EDB2001614EF /* ViewController.swift */ = {isa = PBXFileReference; lastKnownFileType = sourcecode.swift; path = ViewController.swift; sourceTree = "<group>"; };
		B25AB16D2344EDB2001614EF /* Base */ = {isa = PBXFileReference; lastKnownFileType = file.storyboard; name = Base; path = Base.lproj/Main.storyboard; sourceTree = "<group>"; };
		B25AB16F2344EDB3001614EF /* Assets.xcassets */ = {isa = PBXFileReference; lastKnownFileType = folder.assetcatalog; path = Assets.xcassets; sourceTree = "<group>"; };
		B25AB1722344EDB3001614EF /* Base */ = {isa = PBXFileReference; lastKnownFileType = file.storyboard; name = Base; path = Base.lproj/LaunchScreen.storyboard; sourceTree = "<group>"; };
		B25AB1742344EDB3001614EF /* Info.plist */ = {isa = PBXFileReference; lastKnownFileType = text.plist.xml; path = Info.plist; sourceTree = "<group>"; };
/* End PBXFileReference section */

/* Begin PBXFrameworksBuildPhase section */
		B25AB1622344EDB2001614EF /* Frameworks */ = {
			isa = PBXFrameworksBuildPhase;
			buildActionMask = 2147483647;
			files = (
			);
			runOnlyForDeploymentPostprocessing = 0;
		};
/* End PBXFrameworksBuildPhase section */

/* Begin PBXGroup section */
		B21D2619234757B90024B1BF /* Content */ = {
			isa = PBXGroup;
			children = (
				B21D261A234757B90024B1BF /* XKCD_0664_Academia_vs_Business.png */,
				B21D261B234757B90024B1BF /* XKCD_0728_iPad.png */,
				B21D261C234757B90024B1BF /* XKCD_0744_Walkthrough.png */,
				B21D261D234757B90024B1BF /* XKCD_0782_Desecration.png */,
				B21D261E234757B90024B1BF /* XKCD_0837_Coupon_Code.png */,
				B21D261F234757B90024B1BF /* XKCD_0881_Probability.png */,
				B21D2620234757B90024B1BF /* XKCD_1096_Clinically_Studied_Ingredient.png */,
				B21D2621234757B90024B1BF /* XKCD_1333_First_Date.png */,
				B21D2622234757B90024B1BF /* XKCD_1356_Orbital_Mechanics.png */,
				B21D2623234757B90024B1BF /* XKCD_1417_Seven.png */,
				B21D2624234757B90024B1BF /* XKCD_1425_Tasks.png */,
				B21D2625234757B90024B1BF /* XKCD_1464_Santa.png */,
				B21D2626234757B90024B1BF /* XKCD_1823_Hottest_Editors.png */,
			);
			name = Content;
			path = ../../../../Downloads/Content;
			sourceTree = "<group>";
		};
		B25AB15C2344EDB2001614EF = {
			isa = PBXGroup;
			children = (
				B25AB1672344EDB2001614EF /* XKCD Viewer */,
				B25AB1662344EDB2001614EF /* Products */,
			);
			sourceTree = "<group>";
		};
		B25AB1662344EDB2001614EF /* Products */ = {
			isa = PBXGroup;
			children = (
				B25AB1652344EDB2001614EF /* XKCD Viewer.app */,
			);
			name = Products;
			sourceTree = "<group>";
		};
		B25AB1672344EDB2001614EF /* XKCD Viewer */ = {
			isa = PBXGroup;
			children = (
				2E1B9EC72346849F000BB7A4 /* DetailViewController.swift */,
				B25AB1682344EDB2001614EF /* AppDelegate.swift */,
				B25AB16A2344EDB2001614EF /* ViewController.swift */,
				B25AB16C2344EDB2001614EF /* Main.storyboard */,
				B25AB16F2344EDB3001614EF /* Assets.xcassets */,
				B25AB1712344EDB3001614EF /* LaunchScreen.storyboard */,
				B25AB1742344EDB3001614EF /* Info.plist */,
				B21D2619234757B90024B1BF /* Content */,
			);
			path = "XKCD Viewer";
			sourceTree = "<group>";
		};
/* End PBXGroup section */

/* Begin PBXNativeTarget section */
		B25AB1642344EDB2001614EF /* XKCD Viewer */ = {
			isa = PBXNativeTarget;
			buildConfigurationList = B25AB1772344EDB3001614EF /* Build configuration list for PBXNativeTarget "XKCD Viewer" */;
			buildPhases = (
				B25AB1612344EDB2001614EF /* Sources */,
				B25AB1622344EDB2001614EF /* Frameworks */,
				B25AB1632344EDB2001614EF /* Resources */,
			);
			buildRules = (
			);
			dependencies = (
			);
			name = "XKCD Viewer";
			productName = "XKCD Viewer";
			productReference = B25AB1652344EDB2001614EF /* XKCD Viewer.app */;
			productType = "com.apple.product-type.application";
		};
/* End PBXNativeTarget section */

/* Begin PBXProject section */
		B25AB15D2344EDB2001614EF /* Project object */ = {
			isa = PBXProject;
			attributes = {
				LastSwiftUpdateCheck = 0940;
				LastUpgradeCheck = 0940;
				ORGANIZATIONNAME = 20074556;
				TargetAttributes = {
					B25AB1642344EDB2001614EF = {
						CreatedOnToolsVersion = 9.4.1;
					};
				};
			};
			buildConfigurationList = B25AB1602344EDB2001614EF /* Build configuration list for PBXProject "XKCD Viewer" */;
			compatibilityVersion = "Xcode 9.3";
			developmentRegion = en;
			hasScannedForEncodings = 0;
			knownRegions = (
				en,
				Base,
			);
			mainGroup = B25AB15C2344EDB2001614EF;
			productRefGroup = B25AB1662344EDB2001614EF /* Products */;
			projectDirPath = "";
			projectRoot = "";
			targets = (
				B25AB1642344EDB2001614EF /* XKCD Viewer */,
			);
		};
/* End PBXProject section */

/* Begin PBXResourcesBuildPhase section */
		B25AB1632344EDB2001614EF /* Resources */ = {
			isa = PBXResourcesBuildPhase;
			buildActionMask = 2147483647;
			files = (
				B21D262F234757B90024B1BF /* XKCD_1356_Orbital_Mechanics.png in Resources */,
				B25AB1732344EDB3001614EF /* LaunchScreen.storyboard in Resources */,
				B21D262A234757B90024B1BF /* XKCD_0782_Desecration.png in Resources */,
				B21D2632234757B90024B1BF /* XKCD_1464_Santa.png in Resources */,
				B21D262E234757B90024B1BF /* XKCD_1333_First_Date.png in Resources */,
				B21D262C234757B90024B1BF /* XKCD_0881_Probability.png in Resources */,
				B21D2630234757B90024B1BF /* XKCD_1417_Seven.png in Resources */,
				B21D2629234757B90024B1BF /* XKCD_0744_Walkthrough.png in Resources */,
				B21D2627234757B90024B1BF /* XKCD_0664_Academia_vs_Business.png in Resources */,
				B21D262B234757B90024B1BF /* XKCD_0837_Coupon_Code.png in Resources */,
				B21D2633234757B90024B1BF /* XKCD_1823_Hottest_Editors.png in Resources */,
				B25AB1702344EDB3001614EF /* Assets.xcassets in Resources */,
				B21D262D234757B90024B1BF /* XKCD_1096_Clinically_Studied_Ingredient.png in Resources */,
				B21D2628234757B90024B1BF /* XKCD_0728_iPad.png in Resources */,
				B21D2631234757B90024B1BF /* XKCD_1425_Tasks.png in Resources */,
				B25AB16E2344EDB2001614EF /* Main.storyboard in Resources */,
			);
			runOnlyForDeploymentPostprocessing = 0;
		};
/* End PBXResourcesBuildPhase section */

/* Begin PBXSourcesBuildPhase section */
		B25AB1612344EDB2001614EF /* Sources */ = {
			isa = PBXSourcesBuildPhase;
			buildActionMask = 2147483647;
			files = (
				2E1B9EC82346849F000BB7A4 /* DetailViewController.swift in Sources */,
				B25AB16B2344EDB2001614EF /* ViewController.swift in Sources */,
				B25AB1692344EDB2001614EF /* AppDelegate.swift in Sources */,
			);
			runOnlyForDeploymentPostprocessing = 0;
		};
/* End PBXSourcesBuildPhase section */

/* Begin PBXVariantGroup section */
		B25AB16C2344EDB2001614EF /* Main.storyboard */ = {
			isa = PBXVariantGroup;
			children = (
				B25AB16D2344EDB2001614EF /* Base */,
			);
			name = Main.storyboard;
			sourceTree = "<group>";
		};
		B25AB1712344EDB3001614EF /* LaunchScreen.storyboard */ = {
			isa = PBXVariantGroup;
			children = (
				B25AB1722344EDB3001614EF /* Base */,
			);
			name = LaunchScreen.storyboard;
			sourceTree = "<group>";
		};
/* End PBXVariantGroup section */

/* Begin XCBuildConfiguration section */
		B25AB1752344EDB3001614EF /* Debug */ = {
			isa = XCBuildConfiguration;
			buildSettings = {
				ALWAYS_SEARCH_USER_PATHS = NO;
				CLANG_ANALYZER_NONNULL = YES;
				CLANG_ANALYZER_NUMBER_OBJECT_CONVERSION = YES_AGGRESSIVE;
				CLANG_CXX_LANGUAGE_STANDARD = "gnu++14";
				CLANG_CXX_LIBRARY = "libc++";
				CLANG_ENABLE_MODULES = YES;
				CLANG_ENABLE_OBJC_ARC = YES;
				CLANG_ENABLE_OBJC_WEAK = YES;
				CLANG_WARN_BLOCK_CAPTURE_AUTORELEASING = YES;
				CLANG_WARN_BOOL_CONVERSION = YES;
				CLANG_WARN_COMMA = YES;
				CLANG_WARN_CONSTANT_CONVERSION = YES;
				CLANG_WARN_DEPRECATED_OBJC_IMPLEMENTATIONS = YES;
				CLANG_WARN_DIRECT_OBJC_ISA_USAGE = YES_ERROR;
				CLANG_WARN_DOCUMENTATION_COMMENTS = YES;
				CLANG_WARN_EMPTY_BODY = YES;
				CLANG_WARN_ENUM_CONVERSION = YES;
				CLANG_WARN_INFINITE_RECURSION = YES;
				CLANG_WARN_INT_CONVERSION = YES;
				CLANG_WARN_NON_LITERAL_NULL_CONVERSION = YES;
				CLANG_WARN_OBJC_IMPLICIT_RETAIN_SELF = YES;
				CLANG_WARN_OBJC_LITERAL_CONVERSION = YES;
				CLANG_WARN_OBJC_ROOT_CLASS = YES_ERROR;
				CLANG_WARN_RANGE_LOOP_ANALYSIS = YES;
				CLANG_WARN_STRICT_PROTOTYPES = YES;
				CLANG_WARN_SUSPICIOUS_MOVE = YES;
				CLANG_WARN_UNGUARDED_AVAILABILITY = YES_AGGRESSIVE;
				CLANG_WARN_UNREACHABLE_CODE = YES;
				CLANG_WARN__DUPLICATE_METHOD_MATCH = YES;
				CODE_SIGN_IDENTITY = "iPhone Developer";
				COPY_PHASE_STRIP = NO;
				DEBUG_INFORMATION_FORMAT = dwarf;
				ENABLE_STRICT_OBJC_MSGSEND = YES;
				ENABLE_TESTABILITY = YES;
				GCC_C_LANGUAGE_STANDARD = gnu11;
				GCC_DYNAMIC_NO_PIC = NO;
				GCC_NO_COMMON_BLOCKS = YES;
				GCC_OPTIMIZATION_LEVEL = 0;
				GCC_PREPROCESSOR_DEFINITIONS = (
					"DEBUG=1",
					"$(inherited)",
				);
				GCC_WARN_64_TO_32_BIT_CONVERSION = YES;
				GCC_WARN_ABOUT_RETURN_TYPE = YES_ERROR;
				GCC_WARN_UNDECLARED_SELECTOR = YES;
				GCC_WARN_UNINITIALIZED_AUTOS = YES_AGGRESSIVE;
				GCC_WARN_UNUSED_FUNCTION = YES;
				GCC_WARN_UNUSED_VARIABLE = YES;
				IPHONEOS_DEPLOYMENT_TARGET = 11.4;
				MTL_ENABLE_DEBUG_INFO = YES;
				ONLY_ACTIVE_ARCH = YES;
				SDKROOT = iphoneos;
				SWIFT_ACTIVE_COMPILATION_CONDITIONS = DEBUG;
				SWIFT_OPTIMIZATION_LEVEL = "-Onone";
			};
			name = Debug;
		};
		B25AB1762344EDB3001614EF /* Release */ = {
			isa = XCBuildConfiguration;
			buildSettings = {
				ALWAYS_SEARCH_USER_PATHS = NO;
				CLANG_ANALYZER_NONNULL = YES;
				CLANG_ANALYZER_NUMBER_OBJECT_CONVERSION = YES_AGGRESSIVE;
				CLANG_CXX_LANGUAGE_STANDARD = "gnu++14";
				CLANG_CXX_LIBRARY = "libc++";
				CLANG_ENABLE_MODULES = YES;
				CLANG_ENABLE_OBJC_ARC = YES;
				CLANG_ENABLE_OBJC_WEAK = YES;
				CLANG_WARN_BLOCK_CAPTURE_AUTORELEASING = YES;
				CLANG_WARN_BOOL_CONVERSION = YES;
				CLANG_WARN_COMMA = YES;
				CLANG_WARN_CONSTANT_CONVERSION = YES;
				CLANG_WARN_DEPRECATED_OBJC_IMPLEMENTATIONS = YES;
				CLANG_WARN_DIRECT_OBJC_ISA_USAGE = YES_ERROR;
				CLANG_WARN_DOCUMENTATION_COMMENTS = YES;
				CLANG_WARN_EMPTY_BODY = YES;
				CLANG_WARN_ENUM_CONVERSION = YES;
				CLANG_WARN_INFINITE_RECURSION = YES;
				CLANG_WARN_INT_CONVERSION = YES;
				CLANG_WARN_NON_LITERAL_NULL_CONVERSION = YES;
				CLANG_WARN_OBJC_IMPLICIT_RETAIN_SELF = YES;
				CLANG_WARN_OBJC_LITERAL_CONVERSION = YES;
				CLANG_WARN_OBJC_ROOT_CLASS = YES_ERROR;
				CLANG_WARN_RANGE_LOOP_ANALYSIS = YES;
				CLANG_WARN_STRICT_PROTOTYPES = YES;
				CLANG_WARN_SUSPICIOUS_MOVE = YES;
				CLANG_WARN_UNGUARDED_AVAILABILITY = YES_AGGRESSIVE;
				CLANG_WARN_UNREACHABLE_CODE = YES;
				CLANG_WARN__DUPLICATE_METHOD_MATCH = YES;
				CODE_SIGN_IDENTITY = "iPhone Developer";
				COPY_PHASE_STRIP = NO;
				DEBUG_INFORMATION_FORMAT = "dwarf-with-dsym";
				ENABLE_NS_ASSERTIONS = NO;
				ENABLE_STRICT_OBJC_MSGSEND = YES;
				GCC_C_LANGUAGE_STANDARD = gnu11;
				GCC_NO_COMMON_BLOCKS = YES;
				GCC_WARN_64_TO_32_BIT_CONVERSION = YES;
				GCC_WARN_ABOUT_RETURN_TYPE = YES_ERROR;
				GCC_WARN_UNDECLARED_SELECTOR = YES;
				GCC_WARN_UNINITIALIZED_AUTOS = YES_AGGRESSIVE;
				GCC_WARN_UNUSED_FUNCTION = YES;
				GCC_WARN_UNUSED_VARIABLE = YES;
				IPHONEOS_DEPLOYMENT_TARGET = 11.4;
				MTL_ENABLE_DEBUG_INFO = NO;
				SDKROOT = iphoneos;
				SWIFT_COMPILATION_MODE = wholemodule;
				SWIFT_OPTIMIZATION_LEVEL = "-O";
				VALIDATE_PRODUCT = YES;
			};
			name = Release;
		};
		B25AB1782344EDB3001614EF /* Debug */ = {
			isa = XCBuildConfiguration;
			buildSettings = {
				ASSETCATALOG_COMPILER_APPICON_NAME = AppIcon;
				CODE_SIGN_STYLE = Automatic;
				INFOPLIST_FILE = "XKCD Viewer/Info.plist";
				LD_RUNPATH_SEARCH_PATHS = (
					"$(inherited)",
					"@executable_path/Frameworks",
				);
				PRODUCT_BUNDLE_IDENTIFIER = "com.james.XKCD-Viewer";
				PRODUCT_NAME = "$(TARGET_NAME)";
				SWIFT_VERSION = 4.0;
				TARGETED_DEVICE_FAMILY = "1,2";
			};
			name = Debug;
		};
		B25AB1792344EDB3001614EF /* Release */ = {
			isa = XCBuildConfiguration;
			buildSettings = {
				ASSETCATALOG_COMPILER_APPICON_NAME = AppIcon;
				CODE_SIGN_STYLE = Automatic;
				INFOPLIST_FILE = "XKCD Viewer/Info.plist";
				LD_RUNPATH_SEARCH_PATHS = (
					"$(inherited)",
					"@executable_path/Frameworks",
				);
				PRODUCT_BUNDLE_IDENTIFIER = "com.james.XKCD-Viewer";
				PRODUCT_NAME = "$(TARGET_NAME)";
				SWIFT_VERSION = 4.0;
				TARGETED_DEVICE_FAMILY = "1,2";
			};
			name = Release;
		};
/* End XCBuildConfiguration section */

/* Begin XCConfigurationList section */
		B25AB1602344EDB2001614EF /* Build configuration list for PBXProject "XKCD Viewer" */ = {
			isa = XCConfigurationList;
			buildConfigurations = (
				B25AB1752344EDB3001614EF /* Debug */,
				B25AB1762344EDB3001614EF /* Release */,
			);
			defaultConfigurationIsVisible = 0;
			defaultConfigurationName = Release;
		};
		B25AB1772344EDB3001614EF /* Build configuration list for PBXNativeTarget "XKCD Viewer" */ = {
			isa = XCConfigurationList;
			buildConfigurations = (
				B25AB1782344EDB3001614EF /* Debug */,
				B25AB1792344EDB3001614EF /* Release */,
			);
			defaultConfigurationIsVisible = 0;
			defaultConfigurationName = Release;
		};
/* End XCConfigurationList section */
	};
	rootObject = B25AB15D2344EDB2001614EF /* Project object */;
}
